
Microsoft Visual Studio Solution File, Format Version 12.00
# Visual Studio Version 16
VisualStudioVersion = 16.0.29911.84
MinimumVisualStudioVersion = 10.0.40219.1
Project("{FAE04EC0-301F-11D3-BF4B-00C04F79EFBC}") = "ConsoleAutoLot", "ConsoleAutoLot\ConsoleAutoLot.csproj", "{65846140-769D-43E4-91A6-CF89C5B23F60}"
EndProject
Global
	GlobalSection(SolutionConfigurationPlatforms) = preSolution
		Debug|Any CPU = Debug|Any CPU
		Release|Any CPU = Release|Any CPU
	EndGlobalSection
	GlobalSection(ProjectConfigurationPlatforms) = postSolution
		{65846140-769D-43E4-91A6-CF89C5B23F60}.Debug|Any CPU.ActiveCfg = Debug|Any CPU
		{65846140-769D-43E4-91A6-CF89C5B23F60}.Debug|Any CPU.Build.0 = Debug|Any CPU
		{65846140-769D-43E4-91A6-CF89C5B23F60}.Release|Any CPU.ActiveCfg = Release|Any CPU
		{65846140-769D-43E4-91A6-CF89C5B23F60}.Release|Any CPU.Build.0 = Release|Any CPU
	EndGlobalSection
	GlobalSection(SolutionProperties) = preSolution
		HideSolutionNode = FALSE
	EndGlobalSection
	GlobalSection(ExtensibilityGlobals) = postSolution
		SolutionGuid = {FC6FAC8E-4AEE-4F39-9729-615B53A886BA}
	EndGlobalSection
EndGlobal
